
Microsoft Visual Studio Solution File, Format Version 12.00
# Visual Studio Version 17
VisualStudioVersion = 17.7.34009.444
MinimumVisualStudioVersion = 10.0.40219.1
Project("{00D1A9C2-B5F0-4AF3-8072-F6C62B433612}") = "LibraryMangmentSystem", "LibraryMangmentSystem\LibraryMangmentSystem.sqlproj", "{01FB1D09-B2FE-4AF8-8DC0-11B89C10777D}"
EndProject
Global
	GlobalSection(SolutionConfigurationPlatforms) = preSolution
		Debug|Any CPU = Debug|Any CPU
		Release|Any CPU = Release|Any CPU
	EndGlobalSection
	GlobalSection(ProjectConfigurationPlatforms) = postSolution
		{01FB1D09-B2FE-4AF8-8DC0-11B89C10777D}.Debug|Any CPU.ActiveCfg = Debug|Any CPU
		{01FB1D09-B2FE-4AF8-8DC0-11B89C10777D}.Debug|Any CPU.Build.0 = Debug|Any CPU
		{01FB1D09-B2FE-4AF8-8DC0-11B89C10777D}.Debug|Any CPU.Deploy.0 = Debug|Any CPU
		{01FB1D09-B2FE-4AF8-8DC0-11B89C10777D}.Release|Any CPU.ActiveCfg = Release|Any CPU
		{01FB1D09-B2FE-4AF8-8DC0-11B89C10777D}.Release|Any CPU.Build.0 = Release|Any CPU
		{01FB1D09-B2FE-4AF8-8DC0-11B89C10777D}.Release|Any CPU.Deploy.0 = Release|Any CPU
	EndGlobalSection
	GlobalSection(SolutionProperties) = preSolution
		HideSolutionNode = FALSE
	EndGlobalSection
	GlobalSection(ExtensibilityGlobals) = postSolution
		SolutionGuid = {4A787B19-5C0D-4F67-857D-FB92077C7207}
	EndGlobalSection
EndGlobal
